
Microsoft Visual Studio Solution File, Format Version 12.00
# Visual Studio Version 16
VisualStudioVersion = 16.0.30517.126
MinimumVisualStudioVersion = 10.0.40219.1
Project("{FAE04EC0-301F-11D3-BF4B-00C04F79EFBC}") = "superFactory", "superFactory\superFactory.csproj", "{5A23E16F-1E22-4D12-9DA3-99F35ED9AB20}"
EndProject
Global
	GlobalSection(SolutionConfigurationPlatforms) = preSolution
		Debug|Any CPU = Debug|Any CPU
		Release|Any CPU = Release|Any CPU
	EndGlobalSection
	GlobalSection(ProjectConfigurationPlatforms) = postSolution
		{5A23E16F-1E22-4D12-9DA3-99F35ED9AB20}.Debug|Any CPU.ActiveCfg = Debug|Any CPU
		{5A23E16F-1E22-4D12-9DA3-99F35ED9AB20}.Debug|Any CPU.Build.0 = Debug|Any CPU
		{5A23E16F-1E22-4D12-9DA3-99F35ED9AB20}.Release|Any CPU.ActiveCfg = Release|Any CPU
		{5A23E16F-1E22-4D12-9DA3-99F35ED9AB20}.Release|Any CPU.Build.0 = Release|Any CPU
	EndGlobalSection
	GlobalSection(SolutionProperties) = preSolution
		HideSolutionNode = FALSE
	EndGlobalSection
	GlobalSection(ExtensibilityGlobals) = postSolution
		SolutionGuid = {239A0E74-080E-48D3-BB93-EF44D07B2091}
	EndGlobalSection
EndGlobal
