
Microsoft Visual Studio Solution File, Format Version 12.00
# Visual Studio Version 16
VisualStudioVersion = 16.0.30517.126
MinimumVisualStudioVersion = 10.0.40219.1
Project("{FAE04EC0-301F-11D3-BF4B-00C04F79EFBC}") = "FastProduction", "FastProduction\FastProduction.csproj", "{52AB62A0-318A-435F-B4D8-DD6C972D9C06}"
EndProject
Global
	GlobalSection(SolutionConfigurationPlatforms) = preSolution
		Debug|Any CPU = Debug|Any CPU
		Release|Any CPU = Release|Any CPU
	EndGlobalSection
	GlobalSection(ProjectConfigurationPlatforms) = postSolution
		{52AB62A0-318A-435F-B4D8-DD6C972D9C06}.Debug|Any CPU.ActiveCfg = Debug|Any CPU
		{52AB62A0-318A-435F-B4D8-DD6C972D9C06}.Debug|Any CPU.Build.0 = Debug|Any CPU
		{52AB62A0-318A-435F-B4D8-DD6C972D9C06}.Release|Any CPU.ActiveCfg = Release|Any CPU
		{52AB62A0-318A-435F-B4D8-DD6C972D9C06}.Release|Any CPU.Build.0 = Release|Any CPU
	EndGlobalSection
	GlobalSection(SolutionProperties) = preSolution
		HideSolutionNode = FALSE
	EndGlobalSection
	GlobalSection(ExtensibilityGlobals) = postSolution
		SolutionGuid = {7B976B6F-1D92-4007-8BEB-443986EDDA29}
	EndGlobalSection
EndGlobal
